
Microsoft Visual Studio Solution File, Format Version 12.00
# Visual Studio Version 17
VisualStudioVersion = 17.3.32929.385
MinimumVisualStudioVersion = 10.0.40219.1
Project("{9A19103F-16F7-4668-BE54-9A1E7A4F7556}") = "UserMap.API", "DemoSakila\UserMap.API.csproj", "{1A340CB7-39A6-4D7A-94D2-45AF36774553}"
EndProject
Project("{9A19103F-16F7-4668-BE54-9A1E7A4F7556}") = "UserMap.Application", "..\Sakila.Application\UserMap.Application.csproj", "{128D0CB8-7EB3-4E17-A5FE-36CFE6A29711}"
EndProject
Project("{9A19103F-16F7-4668-BE54-9A1E7A4F7556}") = "UserMap.Domain", "..\Sakila.Domain\UserMap.Domain.csproj", "{45B0354C-00B0-47C0-A556-772969954878}"
EndProject
Project("{9A19103F-16F7-4668-BE54-9A1E7A4F7556}") = "UserMap.Persistent", "..\Sakila.Persistent\UserMap.Persistent.csproj", "{0E166D7F-7F8E-4CE6-B719-0D26118F0288}"
EndProject
Project("{E53339B2-1760-4266-BCC7-CA923CBCF16C}") = "docker-compose", "docker-compose.dcproj", "{A5A938F1-7AE9-45A1-AE7B-FA485F2E3E3B}"
EndProject
Project("{2150E333-8FDC-42A3-9474-1A3956D46DE8}") = "Services", "Services", "{EF66198F-8B79-4BEF-8A19-AB752EE65694}"
EndProject
Project("{9A19103F-16F7-4668-BE54-9A1E7A4F7556}") = "WardService", "..\WardService\WardService.csproj", "{92A8C4F8-5A50-4686-83D7-BC2BB43BAE77}"
EndProject
Project("{9A19103F-16F7-4668-BE54-9A1E7A4F7556}") = "JwtAuthenticationManager", "..\..\JwtAuthenticationManager\JwtAuthenticationManager.csproj", "{645EFE94-419C-4CCC-A107-91D251C61409}"
EndProject
Global
	GlobalSection(SolutionConfigurationPlatforms) = preSolution
		Debug|Any CPU = Debug|Any CPU
		Release|Any CPU = Release|Any CPU
	EndGlobalSection
	GlobalSection(ProjectConfigurationPlatforms) = postSolution
		{1A340CB7-39A6-4D7A-94D2-45AF36774553}.Debug|Any CPU.ActiveCfg = Debug|Any CPU
		{1A340CB7-39A6-4D7A-94D2-45AF36774553}.Debug|Any CPU.Build.0 = Debug|Any CPU
		{1A340CB7-39A6-4D7A-94D2-45AF36774553}.Release|Any CPU.ActiveCfg = Release|Any CPU
		{1A340CB7-39A6-4D7A-94D2-45AF36774553}.Release|Any CPU.Build.0 = Release|Any CPU
		{128D0CB8-7EB3-4E17-A5FE-36CFE6A29711}.Debug|Any CPU.ActiveCfg = Debug|Any CPU
		{128D0CB8-7EB3-4E17-A5FE-36CFE6A29711}.Debug|Any CPU.Build.0 = Debug|Any CPU
		{128D0CB8-7EB3-4E17-A5FE-36CFE6A29711}.Release|Any CPU.ActiveCfg = Release|Any CPU
		{128D0CB8-7EB3-4E17-A5FE-36CFE6A29711}.Release|Any CPU.Build.0 = Release|Any CPU
		{45B0354C-00B0-47C0-A556-772969954878}.Debug|Any CPU.ActiveCfg = Debug|Any CPU
		{45B0354C-00B0-47C0-A556-772969954878}.Debug|Any CPU.Build.0 = Debug|Any CPU
		{45B0354C-00B0-47C0-A556-772969954878}.Release|Any CPU.ActiveCfg = Release|Any CPU
		{45B0354C-00B0-47C0-A556-772969954878}.Release|Any CPU.Build.0 = Release|Any CPU
		{0E166D7F-7F8E-4CE6-B719-0D26118F0288}.Debug|Any CPU.ActiveCfg = Debug|Any CPU
		{0E166D7F-7F8E-4CE6-B719-0D26118F0288}.Debug|Any CPU.Build.0 = Debug|Any CPU
		{0E166D7F-7F8E-4CE6-B719-0D26118F0288}.Release|Any CPU.ActiveCfg = Release|Any CPU
		{0E166D7F-7F8E-4CE6-B719-0D26118F0288}.Release|Any CPU.Build.0 = Release|Any CPU
		{A5A938F1-7AE9-45A1-AE7B-FA485F2E3E3B}.Debug|Any CPU.ActiveCfg = Debug|Any CPU
		{A5A938F1-7AE9-45A1-AE7B-FA485F2E3E3B}.Debug|Any CPU.Build.0 = Debug|Any CPU
		{A5A938F1-7AE9-45A1-AE7B-FA485F2E3E3B}.Release|Any CPU.ActiveCfg = Release|Any CPU
		{A5A938F1-7AE9-45A1-AE7B-FA485F2E3E3B}.Release|Any CPU.Build.0 = Release|Any CPU
		{92A8C4F8-5A50-4686-83D7-BC2BB43BAE77}.Debug|Any CPU.ActiveCfg = Debug|Any CPU
		{92A8C4F8-5A50-4686-83D7-BC2BB43BAE77}.Debug|Any CPU.Build.0 = Debug|Any CPU
		{92A8C4F8-5A50-4686-83D7-BC2BB43BAE77}.Release|Any CPU.ActiveCfg = Release|Any CPU
		{92A8C4F8-5A50-4686-83D7-BC2BB43BAE77}.Release|Any CPU.Build.0 = Release|Any CPU
		{645EFE94-419C-4CCC-A107-91D251C61409}.Debug|Any CPU.ActiveCfg = Debug|Any CPU
		{645EFE94-419C-4CCC-A107-91D251C61409}.Debug|Any CPU.Build.0 = Debug|Any CPU
		{645EFE94-419C-4CCC-A107-91D251C61409}.Release|Any CPU.ActiveCfg = Release|Any CPU
		{645EFE94-419C-4CCC-A107-91D251C61409}.Release|Any CPU.Build.0 = Release|Any CPU
	EndGlobalSection
	GlobalSection(SolutionProperties) = preSolution
		HideSolutionNode = FALSE
	EndGlobalSection
	GlobalSection(NestedProjects) = preSolution
		{92A8C4F8-5A50-4686-83D7-BC2BB43BAE77} = {EF66198F-8B79-4BEF-8A19-AB752EE65694}
	EndGlobalSection
	GlobalSection(ExtensibilityGlobals) = postSolution
		SolutionGuid = {47534105-DF04-4B91-97F5-806C7713A0D2}
	EndGlobalSection
EndGlobal
